
Microsoft Visual Studio Solution File, Format Version 12.00
# Visual Studio 15
VisualStudioVersion = 15.0.26124.0
MinimumVisualStudioVersion = 15.0.26124.0
Project("{2150E333-8FDC-42A3-9474-1A3956D46DE8}") = "src", "src", "{E4B6A19A-B4DA-4019-AD99-5F76277F0018}"
EndProject
Project("{FAE04EC0-301F-11D3-BF4B-00C04F79EFBC}") = "CompressorLib", "src\compressorLib\CompressorLib.csproj", "{5DDEDE70-3F72-46D1-ADC1-90D8B00AD665}"
EndProject
Project("{2150E333-8FDC-42A3-9474-1A3956D46DE8}") = "tests", "tests", "{790914DC-7A4D-4D96-96DC-54789D5AC440}"
EndProject
Project("{FAE04EC0-301F-11D3-BF4B-00C04F79EFBC}") = "CompressorTests", "tests\CompressorTests\CompressorTests.csproj", "{7CBD2BBB-CB16-45E4-A1C2-90F0F3757557}"
EndProject
Global
	GlobalSection(SolutionConfigurationPlatforms) = preSolution
		Debug|Any CPU = Debug|Any CPU
		Debug|x64 = Debug|x64
		Debug|x86 = Debug|x86
		Release|Any CPU = Release|Any CPU
		Release|x64 = Release|x64
		Release|x86 = Release|x86
	EndGlobalSection
	GlobalSection(SolutionProperties) = preSolution
		HideSolutionNode = FALSE
	EndGlobalSection
	GlobalSection(ProjectConfigurationPlatforms) = postSolution
		{5DDEDE70-3F72-46D1-ADC1-90D8B00AD665}.Debug|Any CPU.ActiveCfg = Debug|Any CPU
		{5DDEDE70-3F72-46D1-ADC1-90D8B00AD665}.Debug|Any CPU.Build.0 = Debug|Any CPU
		{5DDEDE70-3F72-46D1-ADC1-90D8B00AD665}.Debug|x64.ActiveCfg = Debug|Any CPU
		{5DDEDE70-3F72-46D1-ADC1-90D8B00AD665}.Debug|x64.Build.0 = Debug|Any CPU
		{5DDEDE70-3F72-46D1-ADC1-90D8B00AD665}.Debug|x86.ActiveCfg = Debug|Any CPU
		{5DDEDE70-3F72-46D1-ADC1-90D8B00AD665}.Debug|x86.Build.0 = Debug|Any CPU
		{5DDEDE70-3F72-46D1-ADC1-90D8B00AD665}.Release|Any CPU.ActiveCfg = Release|Any CPU
		{5DDEDE70-3F72-46D1-ADC1-90D8B00AD665}.Release|Any CPU.Build.0 = Release|Any CPU
		{5DDEDE70-3F72-46D1-ADC1-90D8B00AD665}.Release|x64.ActiveCfg = Release|Any CPU
		{5DDEDE70-3F72-46D1-ADC1-90D8B00AD665}.Release|x64.Build.0 = Release|Any CPU
		{5DDEDE70-3F72-46D1-ADC1-90D8B00AD665}.Release|x86.ActiveCfg = Release|Any CPU
		{5DDEDE70-3F72-46D1-ADC1-90D8B00AD665}.Release|x86.Build.0 = Release|Any CPU
		{7CBD2BBB-CB16-45E4-A1C2-90F0F3757557}.Debug|Any CPU.ActiveCfg = Debug|Any CPU
		{7CBD2BBB-CB16-45E4-A1C2-90F0F3757557}.Debug|Any CPU.Build.0 = Debug|Any CPU
		{7CBD2BBB-CB16-45E4-A1C2-90F0F3757557}.Debug|x64.ActiveCfg = Debug|Any CPU
		{7CBD2BBB-CB16-45E4-A1C2-90F0F3757557}.Debug|x64.Build.0 = Debug|Any CPU
		{7CBD2BBB-CB16-45E4-A1C2-90F0F3757557}.Debug|x86.ActiveCfg = Debug|Any CPU
		{7CBD2BBB-CB16-45E4-A1C2-90F0F3757557}.Debug|x86.Build.0 = Debug|Any CPU
		{7CBD2BBB-CB16-45E4-A1C2-90F0F3757557}.Release|Any CPU.ActiveCfg = Release|Any CPU
		{7CBD2BBB-CB16-45E4-A1C2-90F0F3757557}.Release|Any CPU.Build.0 = Release|Any CPU
		{7CBD2BBB-CB16-45E4-A1C2-90F0F3757557}.Release|x64.ActiveCfg = Release|Any CPU
		{7CBD2BBB-CB16-45E4-A1C2-90F0F3757557}.Release|x64.Build.0 = Release|Any CPU
		{7CBD2BBB-CB16-45E4-A1C2-90F0F3757557}.Release|x86.ActiveCfg = Release|Any CPU
		{7CBD2BBB-CB16-45E4-A1C2-90F0F3757557}.Release|x86.Build.0 = Release|Any CPU
	EndGlobalSection
	GlobalSection(NestedProjects) = preSolution
		{5DDEDE70-3F72-46D1-ADC1-90D8B00AD665} = {E4B6A19A-B4DA-4019-AD99-5F76277F0018}
		{7CBD2BBB-CB16-45E4-A1C2-90F0F3757557} = {790914DC-7A4D-4D96-96DC-54789D5AC440}
	EndGlobalSection
EndGlobal
