
Microsoft Visual Studio Solution File, Format Version 12.00
# Visual Studio Version 16
VisualStudioVersion = 16.0.31005.135
MinimumVisualStudioVersion = 15.0.26124.0
Project("{2150E333-8FDC-42A3-9474-1A3956D46DE8}") = "src", "src", "{E4B6A19A-B4DA-4019-AD99-5F76277F0018}"
EndProject
Project("{9A19103F-16F7-4668-BE54-9A1E7A4F7556}") = "CompressorLib", "src\compressorLib\CompressorLib.csproj", "{5DDEDE70-3F72-46D1-ADC1-90D8B00AD665}"
EndProject
Project("{2150E333-8FDC-42A3-9474-1A3956D46DE8}") = "tests", "tests", "{790914DC-7A4D-4D96-96DC-54789D5AC440}"
EndProject
Project("{9A19103F-16F7-4668-BE54-9A1E7A4F7556}") = "CompressorTests", "tests\CompressorTests\CompressorTests.csproj", "{7CBD2BBB-CB16-45E4-A1C2-90F0F3757557}"
EndProject
Project("{9A19103F-16F7-4668-BE54-9A1E7A4F7556}") = "GZipTest", "src\GZipTest\GZipTest.csproj", "{E2AE9099-5E5D-416B-A670-F12C864EE0B4}"
EndProject
Project("{9A19103F-16F7-4668-BE54-9A1E7A4F7556}") = "CompressorLib.Abstractions", "src\CompressorLib.Abstractions\CompressorLib.Abstractions.csproj", "{C69315DB-4510-4924-ADAE-4B20DAB2FCD1}"
EndProject
Project("{FAE04EC0-301F-11D3-BF4B-00C04F79EFBC}") = "CompressorLib.Parallel", "src\CompressorLib.Parallel\CompressorLib.Parallel.csproj", "{4BD79FB7-7FC7-4D43-B580-D32B9A6C4A3F}"
EndProject
Project("{FAE04EC0-301F-11D3-BF4B-00C04F79EFBC}") = "CompressorLib.Parallel.Tests", "tests\CompressorLib.Parallel.Tests\CompressorLib.Parallel.Tests.csproj", "{8B8C7354-DB44-4BA2-A56D-E93816460232}"
EndProject
Global
	GlobalSection(SolutionConfigurationPlatforms) = preSolution
		Debug|Any CPU = Debug|Any CPU
		Debug|x64 = Debug|x64
		Debug|x86 = Debug|x86
		Release|Any CPU = Release|Any CPU
		Release|x64 = Release|x64
		Release|x86 = Release|x86
	EndGlobalSection
	GlobalSection(ProjectConfigurationPlatforms) = postSolution
		{5DDEDE70-3F72-46D1-ADC1-90D8B00AD665}.Debug|Any CPU.ActiveCfg = Debug|Any CPU
		{5DDEDE70-3F72-46D1-ADC1-90D8B00AD665}.Debug|Any CPU.Build.0 = Debug|Any CPU
		{5DDEDE70-3F72-46D1-ADC1-90D8B00AD665}.Debug|x64.ActiveCfg = Debug|Any CPU
		{5DDEDE70-3F72-46D1-ADC1-90D8B00AD665}.Debug|x64.Build.0 = Debug|Any CPU
		{5DDEDE70-3F72-46D1-ADC1-90D8B00AD665}.Debug|x86.ActiveCfg = Debug|Any CPU
		{5DDEDE70-3F72-46D1-ADC1-90D8B00AD665}.Debug|x86.Build.0 = Debug|Any CPU
		{5DDEDE70-3F72-46D1-ADC1-90D8B00AD665}.Release|Any CPU.ActiveCfg = Release|Any CPU
		{5DDEDE70-3F72-46D1-ADC1-90D8B00AD665}.Release|Any CPU.Build.0 = Release|Any CPU
		{5DDEDE70-3F72-46D1-ADC1-90D8B00AD665}.Release|x64.ActiveCfg = Release|Any CPU
		{5DDEDE70-3F72-46D1-ADC1-90D8B00AD665}.Release|x64.Build.0 = Release|Any CPU
		{5DDEDE70-3F72-46D1-ADC1-90D8B00AD665}.Release|x86.ActiveCfg = Release|Any CPU
		{5DDEDE70-3F72-46D1-ADC1-90D8B00AD665}.Release|x86.Build.0 = Release|Any CPU
		{7CBD2BBB-CB16-45E4-A1C2-90F0F3757557}.Debug|Any CPU.ActiveCfg = Debug|Any CPU
		{7CBD2BBB-CB16-45E4-A1C2-90F0F3757557}.Debug|Any CPU.Build.0 = Debug|Any CPU
		{7CBD2BBB-CB16-45E4-A1C2-90F0F3757557}.Debug|x64.ActiveCfg = Debug|Any CPU
		{7CBD2BBB-CB16-45E4-A1C2-90F0F3757557}.Debug|x64.Build.0 = Debug|Any CPU
		{7CBD2BBB-CB16-45E4-A1C2-90F0F3757557}.Debug|x86.ActiveCfg = Debug|Any CPU
		{7CBD2BBB-CB16-45E4-A1C2-90F0F3757557}.Debug|x86.Build.0 = Debug|Any CPU
		{7CBD2BBB-CB16-45E4-A1C2-90F0F3757557}.Release|Any CPU.ActiveCfg = Release|Any CPU
		{7CBD2BBB-CB16-45E4-A1C2-90F0F3757557}.Release|Any CPU.Build.0 = Release|Any CPU
		{7CBD2BBB-CB16-45E4-A1C2-90F0F3757557}.Release|x64.ActiveCfg = Release|Any CPU
		{7CBD2BBB-CB16-45E4-A1C2-90F0F3757557}.Release|x64.Build.0 = Release|Any CPU
		{7CBD2BBB-CB16-45E4-A1C2-90F0F3757557}.Release|x86.ActiveCfg = Release|Any CPU
		{7CBD2BBB-CB16-45E4-A1C2-90F0F3757557}.Release|x86.Build.0 = Release|Any CPU
		{E2AE9099-5E5D-416B-A670-F12C864EE0B4}.Debug|Any CPU.ActiveCfg = Debug|Any CPU
		{E2AE9099-5E5D-416B-A670-F12C864EE0B4}.Debug|Any CPU.Build.0 = Debug|Any CPU
		{E2AE9099-5E5D-416B-A670-F12C864EE0B4}.Debug|x64.ActiveCfg = Debug|Any CPU
		{E2AE9099-5E5D-416B-A670-F12C864EE0B4}.Debug|x64.Build.0 = Debug|Any CPU
		{E2AE9099-5E5D-416B-A670-F12C864EE0B4}.Debug|x86.ActiveCfg = Debug|Any CPU
		{E2AE9099-5E5D-416B-A670-F12C864EE0B4}.Debug|x86.Build.0 = Debug|Any CPU
		{E2AE9099-5E5D-416B-A670-F12C864EE0B4}.Release|Any CPU.ActiveCfg = Release|Any CPU
		{E2AE9099-5E5D-416B-A670-F12C864EE0B4}.Release|Any CPU.Build.0 = Release|Any CPU
		{E2AE9099-5E5D-416B-A670-F12C864EE0B4}.Release|x64.ActiveCfg = Release|Any CPU
		{E2AE9099-5E5D-416B-A670-F12C864EE0B4}.Release|x64.Build.0 = Release|Any CPU
		{E2AE9099-5E5D-416B-A670-F12C864EE0B4}.Release|x86.ActiveCfg = Release|Any CPU
		{E2AE9099-5E5D-416B-A670-F12C864EE0B4}.Release|x86.Build.0 = Release|Any CPU
		{C69315DB-4510-4924-ADAE-4B20DAB2FCD1}.Debug|Any CPU.ActiveCfg = Debug|Any CPU
		{C69315DB-4510-4924-ADAE-4B20DAB2FCD1}.Debug|Any CPU.Build.0 = Debug|Any CPU
		{C69315DB-4510-4924-ADAE-4B20DAB2FCD1}.Debug|x64.ActiveCfg = Debug|Any CPU
		{C69315DB-4510-4924-ADAE-4B20DAB2FCD1}.Debug|x64.Build.0 = Debug|Any CPU
		{C69315DB-4510-4924-ADAE-4B20DAB2FCD1}.Debug|x86.ActiveCfg = Debug|Any CPU
		{C69315DB-4510-4924-ADAE-4B20DAB2FCD1}.Debug|x86.Build.0 = Debug|Any CPU
		{C69315DB-4510-4924-ADAE-4B20DAB2FCD1}.Release|Any CPU.ActiveCfg = Release|Any CPU
		{C69315DB-4510-4924-ADAE-4B20DAB2FCD1}.Release|Any CPU.Build.0 = Release|Any CPU
		{C69315DB-4510-4924-ADAE-4B20DAB2FCD1}.Release|x64.ActiveCfg = Release|Any CPU
		{C69315DB-4510-4924-ADAE-4B20DAB2FCD1}.Release|x64.Build.0 = Release|Any CPU
		{C69315DB-4510-4924-ADAE-4B20DAB2FCD1}.Release|x86.ActiveCfg = Release|Any CPU
		{C69315DB-4510-4924-ADAE-4B20DAB2FCD1}.Release|x86.Build.0 = Release|Any CPU
		{4BD79FB7-7FC7-4D43-B580-D32B9A6C4A3F}.Debug|Any CPU.ActiveCfg = Debug|Any CPU
		{4BD79FB7-7FC7-4D43-B580-D32B9A6C4A3F}.Debug|Any CPU.Build.0 = Debug|Any CPU
		{4BD79FB7-7FC7-4D43-B580-D32B9A6C4A3F}.Debug|x64.ActiveCfg = Debug|Any CPU
		{4BD79FB7-7FC7-4D43-B580-D32B9A6C4A3F}.Debug|x64.Build.0 = Debug|Any CPU
		{4BD79FB7-7FC7-4D43-B580-D32B9A6C4A3F}.Debug|x86.ActiveCfg = Debug|Any CPU
		{4BD79FB7-7FC7-4D43-B580-D32B9A6C4A3F}.Debug|x86.Build.0 = Debug|Any CPU
		{4BD79FB7-7FC7-4D43-B580-D32B9A6C4A3F}.Release|Any CPU.ActiveCfg = Release|Any CPU
		{4BD79FB7-7FC7-4D43-B580-D32B9A6C4A3F}.Release|Any CPU.Build.0 = Release|Any CPU
		{4BD79FB7-7FC7-4D43-B580-D32B9A6C4A3F}.Release|x64.ActiveCfg = Release|Any CPU
		{4BD79FB7-7FC7-4D43-B580-D32B9A6C4A3F}.Release|x64.Build.0 = Release|Any CPU
		{4BD79FB7-7FC7-4D43-B580-D32B9A6C4A3F}.Release|x86.ActiveCfg = Release|Any CPU
		{4BD79FB7-7FC7-4D43-B580-D32B9A6C4A3F}.Release|x86.Build.0 = Release|Any CPU
		{8B8C7354-DB44-4BA2-A56D-E93816460232}.Debug|Any CPU.ActiveCfg = Debug|Any CPU
		{8B8C7354-DB44-4BA2-A56D-E93816460232}.Debug|Any CPU.Build.0 = Debug|Any CPU
		{8B8C7354-DB44-4BA2-A56D-E93816460232}.Debug|x64.ActiveCfg = Debug|Any CPU
		{8B8C7354-DB44-4BA2-A56D-E93816460232}.Debug|x64.Build.0 = Debug|Any CPU
		{8B8C7354-DB44-4BA2-A56D-E93816460232}.Debug|x86.ActiveCfg = Debug|Any CPU
		{8B8C7354-DB44-4BA2-A56D-E93816460232}.Debug|x86.Build.0 = Debug|Any CPU
		{8B8C7354-DB44-4BA2-A56D-E93816460232}.Release|Any CPU.ActiveCfg = Release|Any CPU
		{8B8C7354-DB44-4BA2-A56D-E93816460232}.Release|Any CPU.Build.0 = Release|Any CPU
		{8B8C7354-DB44-4BA2-A56D-E93816460232}.Release|x64.ActiveCfg = Release|Any CPU
		{8B8C7354-DB44-4BA2-A56D-E93816460232}.Release|x64.Build.0 = Release|Any CPU
		{8B8C7354-DB44-4BA2-A56D-E93816460232}.Release|x86.ActiveCfg = Release|Any CPU
		{8B8C7354-DB44-4BA2-A56D-E93816460232}.Release|x86.Build.0 = Release|Any CPU
	EndGlobalSection
	GlobalSection(SolutionProperties) = preSolution
		HideSolutionNode = FALSE
	EndGlobalSection
	GlobalSection(NestedProjects) = preSolution
		{5DDEDE70-3F72-46D1-ADC1-90D8B00AD665} = {E4B6A19A-B4DA-4019-AD99-5F76277F0018}
		{7CBD2BBB-CB16-45E4-A1C2-90F0F3757557} = {790914DC-7A4D-4D96-96DC-54789D5AC440}
		{E2AE9099-5E5D-416B-A670-F12C864EE0B4} = {E4B6A19A-B4DA-4019-AD99-5F76277F0018}
		{C69315DB-4510-4924-ADAE-4B20DAB2FCD1} = {E4B6A19A-B4DA-4019-AD99-5F76277F0018}
		{4BD79FB7-7FC7-4D43-B580-D32B9A6C4A3F} = {E4B6A19A-B4DA-4019-AD99-5F76277F0018}
		{8B8C7354-DB44-4BA2-A56D-E93816460232} = {790914DC-7A4D-4D96-96DC-54789D5AC440}
	EndGlobalSection
	GlobalSection(ExtensibilityGlobals) = postSolution
		SolutionGuid = {CE36E26A-C9F5-42BE-B97F-322808B4F63D}
	EndGlobalSection
EndGlobal
